
Microsoft Visual Studio Solution File, Format Version 12.00
# Visual Studio Version 17
VisualStudioVersion = 17.5.002.0
MinimumVisualStudioVersion = 10.0.40219.1
Project("{9A19103F-16F7-4668-BE54-9A1E7A4F7556}") = "client", "client\client.csproj", "{F4985B0D-4A87-4726-BE2B-C7A73BB78D96}"
EndProject
Project("{9A19103F-16F7-4668-BE54-9A1E7A4F7556}") = "server", "server\server.csproj", "{DC106DE5-D8EC-4728-9C65-8114B19A75AE}"
EndProject
Global
	GlobalSection(SolutionConfigurationPlatforms) = preSolution
		Debug|Any CPU = Debug|Any CPU
		Release|Any CPU = Release|Any CPU
	EndGlobalSection
	GlobalSection(ProjectConfigurationPlatforms) = postSolution
		{F4985B0D-4A87-4726-BE2B-C7A73BB78D96}.Debug|Any CPU.ActiveCfg = Debug|Any CPU
		{F4985B0D-4A87-4726-BE2B-C7A73BB78D96}.Debug|Any CPU.Build.0 = Debug|Any CPU
		{F4985B0D-4A87-4726-BE2B-C7A73BB78D96}.Release|Any CPU.ActiveCfg = Release|Any CPU
		{F4985B0D-4A87-4726-BE2B-C7A73BB78D96}.Release|Any CPU.Build.0 = Release|Any CPU
		{DC106DE5-D8EC-4728-9C65-8114B19A75AE}.Debug|Any CPU.ActiveCfg = Debug|Any CPU
		{DC106DE5-D8EC-4728-9C65-8114B19A75AE}.Debug|Any CPU.Build.0 = Debug|Any CPU
		{DC106DE5-D8EC-4728-9C65-8114B19A75AE}.Release|Any CPU.ActiveCfg = Release|Any CPU
		{DC106DE5-D8EC-4728-9C65-8114B19A75AE}.Release|Any CPU.Build.0 = Release|Any CPU
	EndGlobalSection
	GlobalSection(SolutionProperties) = preSolution
		HideSolutionNode = FALSE
	EndGlobalSection
	GlobalSection(ExtensibilityGlobals) = postSolution
		SolutionGuid = {3F2EDFF1-DE09-41A9-822C-4C9E87A3FC38}
	EndGlobalSection
EndGlobal
